
Microsoft Visual Studio Solution File, Format Version 12.00
Project("{FAE04EC0-301F-11D3-BF4B-00C04F79EFBC}") = "Application", "Application\Application.csproj", "{B8473FA2-77F9-469A-A582-9C344C6D39EA}"
EndProject
Project("{FAE04EC0-301F-11D3-BF4B-00C04F79EFBC}") = "API", "API\API.csproj", "{55163A54-631A-4109-915A-21CFB5BCA4BE}"
EndProject
Project("{FAE04EC0-301F-11D3-BF4B-00C04F79EFBC}") = "Domain", "Domain\Domain.csproj", "{C9A94893-7AC0-4575-ABE4-720562A387F0}"
EndProject
Project("{FAE04EC0-301F-11D3-BF4B-00C04F79EFBC}") = "Infrastructure", "Infrastructure\Infrastructure.csproj", "{01F36856-8888-49E4-9134-791B0E6F78C4}"
EndProject
Global
	GlobalSection(SolutionConfigurationPlatforms) = preSolution
		Debug|Any CPU = Debug|Any CPU
		Release|Any CPU = Release|Any CPU
	EndGlobalSection
	GlobalSection(ProjectConfigurationPlatforms) = postSolution
		{B8473FA2-77F9-469A-A582-9C344C6D39EA}.Debug|Any CPU.ActiveCfg = Debug|Any CPU
		{B8473FA2-77F9-469A-A582-9C344C6D39EA}.Debug|Any CPU.Build.0 = Debug|Any CPU
		{B8473FA2-77F9-469A-A582-9C344C6D39EA}.Release|Any CPU.ActiveCfg = Release|Any CPU
		{B8473FA2-77F9-469A-A582-9C344C6D39EA}.Release|Any CPU.Build.0 = Release|Any CPU
		{55163A54-631A-4109-915A-21CFB5BCA4BE}.Debug|Any CPU.ActiveCfg = Debug|Any CPU
		{55163A54-631A-4109-915A-21CFB5BCA4BE}.Debug|Any CPU.Build.0 = Debug|Any CPU
		{55163A54-631A-4109-915A-21CFB5BCA4BE}.Release|Any CPU.ActiveCfg = Release|Any CPU
		{55163A54-631A-4109-915A-21CFB5BCA4BE}.Release|Any CPU.Build.0 = Release|Any CPU
		{C9A94893-7AC0-4575-ABE4-720562A387F0}.Debug|Any CPU.ActiveCfg = Debug|Any CPU
		{C9A94893-7AC0-4575-ABE4-720562A387F0}.Debug|Any CPU.Build.0 = Debug|Any CPU
		{C9A94893-7AC0-4575-ABE4-720562A387F0}.Release|Any CPU.ActiveCfg = Release|Any CPU
		{C9A94893-7AC0-4575-ABE4-720562A387F0}.Release|Any CPU.Build.0 = Release|Any CPU
		{01F36856-8888-49E4-9134-791B0E6F78C4}.Debug|Any CPU.ActiveCfg = Debug|Any CPU
		{01F36856-8888-49E4-9134-791B0E6F78C4}.Debug|Any CPU.Build.0 = Debug|Any CPU
		{01F36856-8888-49E4-9134-791B0E6F78C4}.Release|Any CPU.ActiveCfg = Release|Any CPU
		{01F36856-8888-49E4-9134-791B0E6F78C4}.Release|Any CPU.Build.0 = Release|Any CPU
	EndGlobalSection
	GlobalSection(NestedProjects) = preSolution
	EndGlobalSection
EndGlobal
